// !$*UTF8*$!
{
	archiveVersion = 1;
	classes = {
	};
	objectVersion = 56;
	objects = {

/* Begin PBXBuildFile section */
		0A49A6562C41D01B00DC27C2 /* RoundedCorner.swift in Sources */ = {isa = PBXBuildFile; fileRef = 0A49A6552C41D01B00DC27C2 /* RoundedCorner.swift */; };
		0A4F59AE2C545E8A00FD32BF /* PopOverView.swift in Sources */ = {isa = PBXBuildFile; fileRef = 0A4F59AD2C545E8A00FD32BF /* PopOverView.swift */; };
		0A4F59F32C58D93E00FD32BF /* Color.swift in Sources */ = {isa = PBXBuildFile; fileRef = 0A4F59F22C58D93E00FD32BF /* Color.swift */; };
		0A5217E92C4BF7800073E3F2 /* Debug.swift in Sources */ = {isa = PBXBuildFile; fileRef = 0A5217E82C4BF7800073E3F2 /* Debug.swift */; };
		0A55A0F12C60A71D0067C678 /* UIScreen.swift in Sources */ = {isa = PBXBuildFile; fileRef = 0A55A0F02C60A71D0067C678 /* UIScreen.swift */; };
		0A5D9C122C32B963000D376E /* Image.swift in Sources */ = {isa = PBXBuildFile; fileRef = 0A5D9C112C32B963000D376E /* Image.swift */; };
		0A6214752B8402E500FA7775 /* Text.swift in Sources */ = {isa = PBXBuildFile; fileRef = 0A6214742B8402E500FA7775 /* Text.swift */; };
		0A7458F02C6E2BBC00DCE265 /* Enviroments.swift in Sources */ = {isa = PBXBuildFile; fileRef = 0A7458EF2C6E2BBC00DCE265 /* Enviroments.swift */; };
		0A8186C52B4E74D80089401C /* Launch Screen.storyboard in Resources */ = {isa = PBXBuildFile; fileRef = 0A8186C42B4E74D70089401C /* Launch Screen.storyboard */; };
		0A8186C82B4E75190089401C /* View.swift in Sources */ = {isa = PBXBuildFile; fileRef = 0A8186C72B4E75190089401C /* View.swift */; };
		0A8186CB2B4E754C0089401C /* Constant.swift in Sources */ = {isa = PBXBuildFile; fileRef = 0A8186CA2B4E754C0089401C /* Constant.swift */; };
		0AE56F542B52A1D100CE3A2C /* Font.swift in Sources */ = {isa = PBXBuildFile; fileRef = 0AE56F532B52A1D100CE3A2C /* Font.swift */; };
		EB63AE7E2AE810A300454218 /* TemplateApp.swift in Sources */ = {isa = PBXBuildFile; fileRef = EB63AE7D2AE810A300454218 /* TemplateApp.swift */; };
		EB63AE802AE810A300454218 /* MenuView.swift in Sources */ = {isa = PBXBuildFile; fileRef = EB63AE7F2AE810A300454218 /* MenuView.swift */; };
		EB63AE822AE810A500454218 /* Assets.xcassets in Resources */ = {isa = PBXBuildFile; fileRef = EB63AE812AE810A500454218 /* Assets.xcassets */; };
		EB63AE912AE8111F00454218 /* StorageService.swift in Sources */ = {isa = PBXBuildFile; fileRef = EB63AE902AE8111F00454218 /* StorageService.swift */; };
/* End PBXBuildFile section */

/* Begin PBXFileReference section */
		0A49A6552C41D01B00DC27C2 /* RoundedCorner.swift */ = {isa = PBXFileReference; lastKnownFileType = sourcecode.swift; path = RoundedCorner.swift; sourceTree = "<group>"; };
		0A4F59AD2C545E8A00FD32BF /* PopOverView.swift */ = {isa = PBXFileReference; lastKnownFileType = sourcecode.swift; path = PopOverView.swift; sourceTree = "<group>"; };
		0A4F59F22C58D93E00FD32BF /* Color.swift */ = {isa = PBXFileReference; fileEncoding = 4; lastKnownFileType = sourcecode.swift; path = Color.swift; sourceTree = "<group>"; };
		0A5217E82C4BF7800073E3F2 /* Debug.swift */ = {isa = PBXFileReference; lastKnownFileType = sourcecode.swift; path = Debug.swift; sourceTree = "<group>"; };
		0A55A0F02C60A71D0067C678 /* UIScreen.swift */ = {isa = PBXFileReference; fileEncoding = 4; lastKnownFileType = sourcecode.swift; path = UIScreen.swift; sourceTree = "<group>"; };
		0A5D9C112C32B963000D376E /* Image.swift */ = {isa = PBXFileReference; lastKnownFileType = sourcecode.swift; path = Image.swift; sourceTree = "<group>"; };
		0A6214742B8402E500FA7775 /* Text.swift */ = {isa = PBXFileReference; lastKnownFileType = sourcecode.swift; path = Text.swift; sourceTree = "<group>"; };
		0A7458EF2C6E2BBC00DCE265 /* Enviroments.swift */ = {isa = PBXFileReference; lastKnownFileType = sourcecode.swift; path = Enviroments.swift; sourceTree = "<group>"; };
		0A8186C42B4E74D70089401C /* Launch Screen.storyboard */ = {isa = PBXFileReference; lastKnownFileType = file.storyboard; path = "Launch Screen.storyboard"; sourceTree = "<group>"; };
		0A8186C72B4E75190089401C /* View.swift */ = {isa = PBXFileReference; lastKnownFileType = sourcecode.swift; path = View.swift; sourceTree = "<group>"; };
		0A8186CA2B4E754C0089401C /* Constant.swift */ = {isa = PBXFileReference; lastKnownFileType = sourcecode.swift; path = Constant.swift; sourceTree = "<group>"; };
		0AE56F532B52A1D100CE3A2C /* Font.swift */ = {isa = PBXFileReference; lastKnownFileType = sourcecode.swift; path = Font.swift; sourceTree = "<group>"; };
		EB63AE7A2AE810A300454218 /* Template.app */ = {isa = PBXFileReference; explicitFileType = wrapper.application; includeInIndex = 0; path = Template.app; sourceTree = BUILT_PRODUCTS_DIR; };
		EB63AE7D2AE810A300454218 /* TemplateApp.swift */ = {isa = PBXFileReference; lastKnownFileType = sourcecode.swift; path = TemplateApp.swift; sourceTree = "<group>"; };
		EB63AE7F2AE810A300454218 /* MenuView.swift */ = {isa = PBXFileReference; lastKnownFileType = sourcecode.swift; path = MenuView.swift; sourceTree = "<group>"; };
		EB63AE812AE810A500454218 /* Assets.xcassets */ = {isa = PBXFileReference; lastKnownFileType = folder.assetcatalog; path = Assets.xcassets; sourceTree = "<group>"; };
		EB63AE902AE8111F00454218 /* StorageService.swift */ = {isa = PBXFileReference; lastKnownFileType = sourcecode.swift; path = StorageService.swift; sourceTree = "<group>"; };
		EB63AE972AE811E500454218 /* Info.plist */ = {isa = PBXFileReference; lastKnownFileType = text.plist.xml; path = Info.plist; sourceTree = "<group>"; };
/* End PBXFileReference section */

/* Begin PBXFrameworksBuildPhase section */
		EB63AE772AE810A300454218 /* Frameworks */ = {
			isa = PBXFrameworksBuildPhase;
			buildActionMask = 2147483647;
			files = (
			);
			runOnlyForDeploymentPostprocessing = 0;
		};
/* End PBXFrameworksBuildPhase section */

/* Begin PBXGroup section */
		0A3C1CD32B93964E009818C5 /* Services */ = {
			isa = PBXGroup;
			children = (
				EB63AE902AE8111F00454218 /* StorageService.swift */,
			);
			path = Services;
			sourceTree = "<group>";
		};
		0A49A6542C41D00500DC27C2 /* Shapes */ = {
			isa = PBXGroup;
			children = (
				0A49A6552C41D01B00DC27C2 /* RoundedCorner.swift */,
			);
			path = Shapes;
			sourceTree = "<group>";
		};
		0A4F59AF2C54600600FD32BF /* Utils */ = {
			isa = PBXGroup;
			children = (
				0A5217E82C4BF7800073E3F2 /* Debug.swift */,
				0A4F59AD2C545E8A00FD32BF /* PopOverView.swift */,
			);
			path = Utils;
			sourceTree = "<group>";
		};
		0A5D9BEA2C31475B000D376E /* Fonts */ = {
			isa = PBXGroup;
			children = (
			);
			path = Fonts;
			sourceTree = "<group>";
		};
		0A5D9BEB2C314769000D376E /* ViewModels */ = {
			isa = PBXGroup;
			children = (
			);
			path = ViewModels;
			sourceTree = "<group>";
		};
		0A8186C62B4E75090089401C /* Extensions */ = {
			isa = PBXGroup;
			children = (
				0A4F59F22C58D93E00FD32BF /* Color.swift */,
				0AE56F532B52A1D100CE3A2C /* Font.swift */,
				0A5D9C112C32B963000D376E /* Image.swift */,
				0A6214742B8402E500FA7775 /* Text.swift */,
				0A55A0F02C60A71D0067C678 /* UIScreen.swift */,
				0A8186C72B4E75190089401C /* View.swift */,
			);
			path = Extensions;
			sourceTree = "<group>";
		};
		0A8186C92B4E75430089401C /* Enums */ = {
			isa = PBXGroup;
			children = (
				0A8186CA2B4E754C0089401C /* Constant.swift */,
			);
			path = Enums;
			sourceTree = "<group>";
		};
		EB63AE712AE810A300454218 = {
			isa = PBXGroup;
			children = (
				EB63AE7C2AE810A300454218 /* Template */,
				EB63AE7B2AE810A300454218 /* Products */,
			);
			sourceTree = "<group>";
		};
		EB63AE7B2AE810A300454218 /* Products */ = {
			isa = PBXGroup;
			children = (
				EB63AE7A2AE810A300454218 /* Template.app */,
			);
			name = Products;
			sourceTree = "<group>";
		};
		EB63AE7C2AE810A300454218 /* Template */ = {
			isa = PBXGroup;
			children = (
				EB63AE8B2AE810E000454218 /* App */,
				EB63AE8E2AE8110100454218 /* Helpers */,
				EB63AE8C2AE810EC00454218 /* Resources */,
				0A3C1CD32B93964E009818C5 /* Services */,
				0A5D9BEB2C314769000D376E /* ViewModels */,
				EB63AE8D2AE810F500454218 /* Views */,
			);
			path = Template;
			sourceTree = "<group>";
		};
		EB63AE8B2AE810E000454218 /* App */ = {
			isa = PBXGroup;
			children = (
				EB63AE7D2AE810A300454218 /* TemplateApp.swift */,
			);
			path = App;
			sourceTree = "<group>";
		};
		EB63AE8C2AE810EC00454218 /* Resources */ = {
			isa = PBXGroup;
			children = (
				EB63AE812AE810A500454218 /* Assets.xcassets */,
				0A5D9BEA2C31475B000D376E /* Fonts */,
				EB63AE972AE811E500454218 /* Info.plist */,
				0A8186C42B4E74D70089401C /* Launch Screen.storyboard */,
			);
			path = Resources;
			sourceTree = "<group>";
		};
		EB63AE8D2AE810F500454218 /* Views */ = {
			isa = PBXGroup;
			children = (
				EB63AE7F2AE810A300454218 /* MenuView.swift */,
			);
			path = Views;
			sourceTree = "<group>";
		};
		EB63AE8E2AE8110100454218 /* Helpers */ = {
			isa = PBXGroup;
			children = (
				0A7458EF2C6E2BBC00DCE265 /* Enviroments.swift */,
				0A8186C92B4E75430089401C /* Enums */,
				0A8186C62B4E75090089401C /* Extensions */,
				0A49A6542C41D00500DC27C2 /* Shapes */,
				0A4F59AF2C54600600FD32BF /* Utils */,
			);
			path = Helpers;
			sourceTree = "<group>";
		};
/* End PBXGroup section */

/* Begin PBXNativeTarget section */
		EB63AE792AE810A300454218 /* Template */ = {
			isa = PBXNativeTarget;
			buildConfigurationList = EB63AE882AE810A500454218 /* Build configuration list for PBXNativeTarget "Template" */;
			buildPhases = (
				EB63AE762AE810A300454218 /* Sources */,
				EB63AE772AE810A300454218 /* Frameworks */,
				EB63AE782AE810A300454218 /* Resources */,
			);
			buildRules = (
			);
			dependencies = (
			);
			name = Template;
			packageProductDependencies = (
			);
			productName = SwiftUIApps;
			productReference = EB63AE7A2AE810A300454218 /* Template.app */;
			productType = "com.apple.product-type.application";
		};
/* End PBXNativeTarget section */

/* Begin PBXProject section */
		EB63AE722AE810A300454218 /* Project object */ = {
			isa = PBXProject;
			attributes = {
				BuildIndependentTargetsInParallel = 1;
				LastSwiftUpdateCheck = 1500;
				LastUpgradeCheck = 1500;
				TargetAttributes = {
					EB63AE792AE810A300454218 = {
						CreatedOnToolsVersion = 15.0.1;
					};
				};
			};
			buildConfigurationList = EB63AE752AE810A300454218 /* Build configuration list for PBXProject "Template" */;
			compatibilityVersion = "Xcode 14.0";
			developmentRegion = en;
			hasScannedForEncodings = 0;
			knownRegions = (
				en,
				Base,
			);
			mainGroup = EB63AE712AE810A300454218;
			packageReferences = (
			);
			productRefGroup = EB63AE7B2AE810A300454218 /* Products */;
			projectDirPath = "";
			projectRoot = "";
			targets = (
				EB63AE792AE810A300454218 /* Template */,
			);
		};
/* End PBXProject section */

/* Begin PBXResourcesBuildPhase section */
		EB63AE782AE810A300454218 /* Resources */ = {
			isa = PBXResourcesBuildPhase;
			buildActionMask = 2147483647;
			files = (
				0A8186C52B4E74D80089401C /* Launch Screen.storyboard in Resources */,
				EB63AE822AE810A500454218 /* Assets.xcassets in Resources */,
			);
			runOnlyForDeploymentPostprocessing = 0;
		};
/* End PBXResourcesBuildPhase section */

/* Begin PBXSourcesBuildPhase section */
		EB63AE762AE810A300454218 /* Sources */ = {
			isa = PBXSourcesBuildPhase;
			buildActionMask = 2147483647;
			files = (
				0A8186CB2B4E754C0089401C /* Constant.swift in Sources */,
				0A5217E92C4BF7800073E3F2 /* Debug.swift in Sources */,
				0A7458F02C6E2BBC00DCE265 /* Enviroments.swift in Sources */,
				0A4F59AE2C545E8A00FD32BF /* PopOverView.swift in Sources */,
				0A5D9C122C32B963000D376E /* Image.swift in Sources */,
				0A55A0F12C60A71D0067C678 /* UIScreen.swift in Sources */,
				0A8186C82B4E75190089401C /* View.swift in Sources */,
				0A4F59F32C58D93E00FD32BF /* Color.swift in Sources */,
				EB63AE912AE8111F00454218 /* StorageService.swift in Sources */,
				0A6214752B8402E500FA7775 /* Text.swift in Sources */,
				0A49A6562C41D01B00DC27C2 /* RoundedCorner.swift in Sources */,
				EB63AE802AE810A300454218 /* MenuView.swift in Sources */,
				0AE56F542B52A1D100CE3A2C /* Font.swift in Sources */,
				EB63AE7E2AE810A300454218 /* TemplateApp.swift in Sources */,
			);
			runOnlyForDeploymentPostprocessing = 0;
		};
/* End PBXSourcesBuildPhase section */

/* Begin XCBuildConfiguration section */
		EB63AE862AE810A500454218 /* Debug */ = {
			isa = XCBuildConfiguration;
			buildSettings = {
				ALWAYS_SEARCH_USER_PATHS = NO;
				ASSETCATALOG_COMPILER_GENERATE_SWIFT_ASSET_SYMBOL_EXTENSIONS = YES;
				CLANG_ANALYZER_NONNULL = YES;
				CLANG_ANALYZER_NUMBER_OBJECT_CONVERSION = YES_AGGRESSIVE;
				CLANG_CXX_LANGUAGE_STANDARD = "gnu++20";
				CLANG_ENABLE_MODULES = YES;
				CLANG_ENABLE_OBJC_ARC = YES;
				CLANG_ENABLE_OBJC_WEAK = YES;
				CLANG_WARN_BLOCK_CAPTURE_AUTORELEASING = YES;
				CLANG_WARN_BOOL_CONVERSION = YES;
				CLANG_WARN_COMMA = YES;
				CLANG_WARN_CONSTANT_CONVERSION = YES;
				CLANG_WARN_DEPRECATED_OBJC_IMPLEMENTATIONS = YES;
				CLANG_WARN_DIRECT_OBJC_ISA_USAGE = YES_ERROR;
				CLANG_WARN_DOCUMENTATION_COMMENTS = YES;
				CLANG_WARN_EMPTY_BODY = YES;
				CLANG_WARN_ENUM_CONVERSION = YES;
				CLANG_WARN_INFINITE_RECURSION = YES;
				CLANG_WARN_INT_CONVERSION = YES;
				CLANG_WARN_NON_LITERAL_NULL_CONVERSION = YES;
				CLANG_WARN_OBJC_IMPLICIT_RETAIN_SELF = YES;
				CLANG_WARN_OBJC_LITERAL_CONVERSION = YES;
				CLANG_WARN_OBJC_ROOT_CLASS = YES_ERROR;
				CLANG_WARN_QUOTED_INCLUDE_IN_FRAMEWORK_HEADER = YES;
				CLANG_WARN_RANGE_LOOP_ANALYSIS = YES;
				CLANG_WARN_STRICT_PROTOTYPES = YES;
				CLANG_WARN_SUSPICIOUS_MOVE = YES;
				CLANG_WARN_UNGUARDED_AVAILABILITY = YES_AGGRESSIVE;
				CLANG_WARN_UNREACHABLE_CODE = YES;
				CLANG_WARN__DUPLICATE_METHOD_MATCH = YES;
				COPY_PHASE_STRIP = NO;
				DEBUG_INFORMATION_FORMAT = dwarf;
				ENABLE_STRICT_OBJC_MSGSEND = YES;
				ENABLE_TESTABILITY = YES;
				ENABLE_USER_SCRIPT_SANDBOXING = YES;
				GCC_C_LANGUAGE_STANDARD = gnu17;
				GCC_DYNAMIC_NO_PIC = NO;
				GCC_NO_COMMON_BLOCKS = YES;
				GCC_OPTIMIZATION_LEVEL = 0;
				GCC_PREPROCESSOR_DEFINITIONS = (
					"DEBUG=1",
					"$(inherited)",
				);
				GCC_WARN_64_TO_32_BIT_CONVERSION = YES;
				GCC_WARN_ABOUT_RETURN_TYPE = YES_ERROR;
				GCC_WARN_UNDECLARED_SELECTOR = YES;
				GCC_WARN_UNINITIALIZED_AUTOS = YES_AGGRESSIVE;
				GCC_WARN_UNUSED_FUNCTION = YES;
				GCC_WARN_UNUSED_VARIABLE = YES;
				IPHONEOS_DEPLOYMENT_TARGET = 15.0;
				LOCALIZATION_PREFERS_STRING_CATALOGS = YES;
				MTL_ENABLE_DEBUG_INFO = INCLUDE_SOURCE;
				MTL_FAST_MATH = YES;
				ONLY_ACTIVE_ARCH = YES;
				SDKROOT = iphoneos;
				SWIFT_ACTIVE_COMPILATION_CONDITIONS = "DEBUG $(inherited)";
				SWIFT_OPTIMIZATION_LEVEL = "-Onone";
			};
			name = Debug;
		};
		EB63AE872AE810A500454218 /* Release */ = {
			isa = XCBuildConfiguration;
			buildSettings = {
				ALWAYS_SEARCH_USER_PATHS = NO;
				ASSETCATALOG_COMPILER_GENERATE_SWIFT_ASSET_SYMBOL_EXTENSIONS = YES;
				CLANG_ANALYZER_NONNULL = YES;
				CLANG_ANALYZER_NUMBER_OBJECT_CONVERSION = YES_AGGRESSIVE;
				CLANG_CXX_LANGUAGE_STANDARD = "gnu++20";
				CLANG_ENABLE_MODULES = YES;
				CLANG_ENABLE_OBJC_ARC = YES;
				CLANG_ENABLE_OBJC_WEAK = YES;
				CLANG_WARN_BLOCK_CAPTURE_AUTORELEASING = YES;
				CLANG_WARN_BOOL_CONVERSION = YES;
				CLANG_WARN_COMMA = YES;
				CLANG_WARN_CONSTANT_CONVERSION = YES;
				CLANG_WARN_DEPRECATED_OBJC_IMPLEMENTATIONS = YES;
				CLANG_WARN_DIRECT_OBJC_ISA_USAGE = YES_ERROR;
				CLANG_WARN_DOCUMENTATION_COMMENTS = YES;
				CLANG_WARN_EMPTY_BODY = YES;
				CLANG_WARN_ENUM_CONVERSION = YES;
				CLANG_WARN_INFINITE_RECURSION = YES;
				CLANG_WARN_INT_CONVERSION = YES;
				CLANG_WARN_NON_LITERAL_NULL_CONVERSION = YES;
				CLANG_WARN_OBJC_IMPLICIT_RETAIN_SELF = YES;
				CLANG_WARN_OBJC_LITERAL_CONVERSION = YES;
				CLANG_WARN_OBJC_ROOT_CLASS = YES_ERROR;
				CLANG_WARN_QUOTED_INCLUDE_IN_FRAMEWORK_HEADER = YES;
				CLANG_WARN_RANGE_LOOP_ANALYSIS = YES;
				CLANG_WARN_STRICT_PROTOTYPES = YES;
				CLANG_WARN_SUSPICIOUS_MOVE = YES;
				CLANG_WARN_UNGUARDED_AVAILABILITY = YES_AGGRESSIVE;
				CLANG_WARN_UNREACHABLE_CODE = YES;
				CLANG_WARN__DUPLICATE_METHOD_MATCH = YES;
				COPY_PHASE_STRIP = NO;
				DEBUG_INFORMATION_FORMAT = "dwarf-with-dsym";
				ENABLE_NS_ASSERTIONS = NO;
				ENABLE_STRICT_OBJC_MSGSEND = YES;
				ENABLE_USER_SCRIPT_SANDBOXING = YES;
				GCC_C_LANGUAGE_STANDARD = gnu17;
				GCC_NO_COMMON_BLOCKS = YES;
				GCC_WARN_64_TO_32_BIT_CONVERSION = YES;
				GCC_WARN_ABOUT_RETURN_TYPE = YES_ERROR;
				GCC_WARN_UNDECLARED_SELECTOR = YES;
				GCC_WARN_UNINITIALIZED_AUTOS = YES_AGGRESSIVE;
				GCC_WARN_UNUSED_FUNCTION = YES;
				GCC_WARN_UNUSED_VARIABLE = YES;
				IPHONEOS_DEPLOYMENT_TARGET = 15.0;
				LOCALIZATION_PREFERS_STRING_CATALOGS = YES;
				MTL_ENABLE_DEBUG_INFO = NO;
				MTL_FAST_MATH = YES;
				SDKROOT = iphoneos;
				SWIFT_COMPILATION_MODE = wholemodule;
				VALIDATE_PRODUCT = YES;
			};
			name = Release;
		};
		EB63AE892AE810A500454218 /* Debug */ = {
			isa = XCBuildConfiguration;
			buildSettings = {
				ASSETCATALOG_COMPILER_APPICON_NAME = AppIcon;
				CODE_SIGN_STYLE = Automatic;
				CURRENT_PROJECT_VERSION = 1;
				DEVELOPMENT_TEAM = "";
				ENABLE_PREVIEWS = YES;
				GENERATE_INFOPLIST_FILE = YES;
				INFOPLIST_FILE = "$(TARGET_NAME)/Resources/Info.plist";
				INFOPLIST_KEY_UIApplicationSceneManifest_Generation = YES;
				INFOPLIST_KEY_UIApplicationSupportsIndirectInputEvents = YES;
				INFOPLIST_KEY_UILaunchScreen_Generation = YES;
				INFOPLIST_KEY_UILaunchStoryboardName = "Launch Screen";
				INFOPLIST_KEY_UISupportedInterfaceOrientations_iPad = "UIInterfaceOrientationPortrait UIInterfaceOrientationPortraitUpsideDown UIInterfaceOrientationLandscapeLeft UIInterfaceOrientationLandscapeRight";
				INFOPLIST_KEY_UISupportedInterfaceOrientations_iPhone = "UIInterfaceOrientationPortrait UIInterfaceOrientationLandscapeLeft UIInterfaceOrientationLandscapeRight";
				IPHONEOS_DEPLOYMENT_TARGET = 15.0;
				LD_RUNPATH_SEARCH_PATHS = (
					"$(inherited)",
					"@executable_path/Frameworks",
				);
				MARKETING_VERSION = 1.0;
				PRODUCT_BUNDLE_IDENTIFIER = company.Template;
				PRODUCT_NAME = "$(TARGET_NAME)";
				SUPPORTED_PLATFORMS = "iphoneos iphonesimulator";
				SUPPORTS_MACCATALYST = NO;
				SUPPORTS_MAC_DESIGNED_FOR_IPHONE_IPAD = NO;
				SWIFT_EMIT_LOC_STRINGS = YES;
				SWIFT_VERSION = 5.0;
				TARGETED_DEVICE_FAMILY = "1,2";
			};
			name = Debug;
		};
		EB63AE8A2AE810A500454218 /* Release */ = {
			isa = XCBuildConfiguration;
			buildSettings = {
				ASSETCATALOG_COMPILER_APPICON_NAME = AppIcon;
				CODE_SIGN_STYLE = Automatic;
				CURRENT_PROJECT_VERSION = 1;
				DEVELOPMENT_TEAM = "";
				ENABLE_PREVIEWS = YES;
				GENERATE_INFOPLIST_FILE = YES;
				INFOPLIST_FILE = "$(TARGET_NAME)/Resources/Info.plist";
				INFOPLIST_KEY_UIApplicationSceneManifest_Generation = YES;
				INFOPLIST_KEY_UIApplicationSupportsIndirectInputEvents = YES;
				INFOPLIST_KEY_UILaunchScreen_Generation = YES;
				INFOPLIST_KEY_UILaunchStoryboardName = "Launch Screen";
				INFOPLIST_KEY_UISupportedInterfaceOrientations_iPad = "UIInterfaceOrientationPortrait UIInterfaceOrientationPortraitUpsideDown UIInterfaceOrientationLandscapeLeft UIInterfaceOrientationLandscapeRight";
				INFOPLIST_KEY_UISupportedInterfaceOrientations_iPhone = "UIInterfaceOrientationPortrait UIInterfaceOrientationLandscapeLeft UIInterfaceOrientationLandscapeRight";
				IPHONEOS_DEPLOYMENT_TARGET = 15.0;
				LD_RUNPATH_SEARCH_PATHS = (
					"$(inherited)",
					"@executable_path/Frameworks",
				);
				MARKETING_VERSION = 1.0;
				PRODUCT_BUNDLE_IDENTIFIER = company.Template;
				PRODUCT_NAME = "$(TARGET_NAME)";
				SUPPORTED_PLATFORMS = "iphoneos iphonesimulator";
				SUPPORTS_MACCATALYST = NO;
				SUPPORTS_MAC_DESIGNED_FOR_IPHONE_IPAD = NO;
				SWIFT_EMIT_LOC_STRINGS = YES;
				SWIFT_VERSION = 5.0;
				TARGETED_DEVICE_FAMILY = "1,2";
			};
			name = Release;
		};
/* End XCBuildConfiguration section */

/* Begin XCConfigurationList section */
		EB63AE752AE810A300454218 /* Build configuration list for PBXProject "Template" */ = {
			isa = XCConfigurationList;
			buildConfigurations = (
				EB63AE862AE810A500454218 /* Debug */,
				EB63AE872AE810A500454218 /* Release */,
			);
			defaultConfigurationIsVisible = 0;
			defaultConfigurationName = Release;
		};
		EB63AE882AE810A500454218 /* Build configuration list for PBXNativeTarget "Template" */ = {
			isa = XCConfigurationList;
			buildConfigurations = (
				EB63AE892AE810A500454218 /* Debug */,
				EB63AE8A2AE810A500454218 /* Release */,
			);
			defaultConfigurationIsVisible = 0;
			defaultConfigurationName = Release;
		};
/* End XCConfigurationList section */
	};
	rootObject = EB63AE722AE810A300454218 /* Project object */;
}
